
Microsoft Visual Studio Solution File, Format Version 12.00
# Visual Studio Version 16
VisualStudioVersion = 16.0.30717.126
MinimumVisualStudioVersion = 10.0.40219.1
Project("{FAE04EC0-301F-11D3-BF4B-00C04F79EFBC}") = "projekt", "projekt\projekt.csproj", "{2CE04AB3-0692-4EA7-8D93-47009C35B382}"
EndProject
Global
	GlobalSection(SolutionConfigurationPlatforms) = preSolution
		Debug|Any CPU = Debug|Any CPU
		Release|Any CPU = Release|Any CPU
	EndGlobalSection
	GlobalSection(ProjectConfigurationPlatforms) = postSolution
		{2CE04AB3-0692-4EA7-8D93-47009C35B382}.Debug|Any CPU.ActiveCfg = Debug|Any CPU
		{2CE04AB3-0692-4EA7-8D93-47009C35B382}.Debug|Any CPU.Build.0 = Debug|Any CPU
		{2CE04AB3-0692-4EA7-8D93-47009C35B382}.Release|Any CPU.ActiveCfg = Release|Any CPU
		{2CE04AB3-0692-4EA7-8D93-47009C35B382}.Release|Any CPU.Build.0 = Release|Any CPU
	EndGlobalSection
	GlobalSection(SolutionProperties) = preSolution
		HideSolutionNode = FALSE
	EndGlobalSection
	GlobalSection(ExtensibilityGlobals) = postSolution
		SolutionGuid = {1F349747-D803-4BCA-BBBB-9BA6AC88C29C}
	EndGlobalSection
EndGlobal
